
Microsoft Visual Studio Solution File, Format Version 12.00
# Visual Studio Version 16
VisualStudioVersion = 16.0.28803.352
MinimumVisualStudioVersion = 10.0.40219.1
Project("{FAE04EC0-301F-11D3-BF4B-00C04F79EFBC}") = "BrowserNavigator", "BrowserNavigator\BrowserNavigator.csproj", "{06DED932-0811-4887-B18F-A17C073D9805}"
EndProject
Global
	GlobalSection(SolutionConfigurationPlatforms) = preSolution
		Debug|Any CPU = Debug|Any CPU
		Release|Any CPU = Release|Any CPU
	EndGlobalSection
	GlobalSection(ProjectConfigurationPlatforms) = postSolution
		{06DED932-0811-4887-B18F-A17C073D9805}.Debug|Any CPU.ActiveCfg = Debug|Any CPU
		{06DED932-0811-4887-B18F-A17C073D9805}.Debug|Any CPU.Build.0 = Debug|Any CPU
		{06DED932-0811-4887-B18F-A17C073D9805}.Release|Any CPU.ActiveCfg = Release|Any CPU
		{06DED932-0811-4887-B18F-A17C073D9805}.Release|Any CPU.Build.0 = Release|Any CPU
	EndGlobalSection
	GlobalSection(SolutionProperties) = preSolution
		HideSolutionNode = FALSE
	EndGlobalSection
	GlobalSection(ExtensibilityGlobals) = postSolution
		SolutionGuid = {12E2CE95-4C4B-4A54-83C2-C5F4DAAE602B}
	EndGlobalSection
EndGlobal
